
Microsoft Visual Studio Solution File, Format Version 12.00
# Visual Studio Version 17
VisualStudioVersion = 17.6.33829.357
MinimumVisualStudioVersion = 10.0.40219.1
Project("{FAE04EC0-301F-11D3-BF4B-00C04F79EFBC}") = "SistemaInventario", "SistemaInventario\SistemaInventario.csproj", "{2C2CB1BF-1BE7-40DC-8325-0EE6788A5FD7}"
EndProject
Global
	GlobalSection(SolutionConfigurationPlatforms) = preSolution
		Debug|Any CPU = Debug|Any CPU
		Release|Any CPU = Release|Any CPU
	EndGlobalSection
	GlobalSection(ProjectConfigurationPlatforms) = postSolution
		{2C2CB1BF-1BE7-40DC-8325-0EE6788A5FD7}.Debug|Any CPU.ActiveCfg = Debug|Any CPU
		{2C2CB1BF-1BE7-40DC-8325-0EE6788A5FD7}.Debug|Any CPU.Build.0 = Debug|Any CPU
		{2C2CB1BF-1BE7-40DC-8325-0EE6788A5FD7}.Release|Any CPU.ActiveCfg = Release|Any CPU
		{2C2CB1BF-1BE7-40DC-8325-0EE6788A5FD7}.Release|Any CPU.Build.0 = Release|Any CPU
	EndGlobalSection
	GlobalSection(SolutionProperties) = preSolution
		HideSolutionNode = FALSE
	EndGlobalSection
	GlobalSection(ExtensibilityGlobals) = postSolution
		SolutionGuid = {0D41EE4B-CEDA-45C0-A123-F537FECE8CA2}
	EndGlobalSection
EndGlobal
